
Microsoft Visual Studio Solution File, Format Version 12.00
# Visual Studio Version 17
VisualStudioVersion = 17.1.32414.318
MinimumVisualStudioVersion = 10.0.40219.1
Project("{FAE04EC0-301F-11D3-BF4B-00C04F79EFBC}") = "ProjektHistogram", "ProjektHistogram.csproj", "{72EFA771-AB6D-4695-9BAB-8174D51E24A2}"
EndProject
Global
	GlobalSection(SolutionConfigurationPlatforms) = preSolution
		Debug|Any CPU = Debug|Any CPU
		Release|Any CPU = Release|Any CPU
	EndGlobalSection
	GlobalSection(ProjectConfigurationPlatforms) = postSolution
		{72EFA771-AB6D-4695-9BAB-8174D51E24A2}.Debug|Any CPU.ActiveCfg = Debug|Any CPU
		{72EFA771-AB6D-4695-9BAB-8174D51E24A2}.Debug|Any CPU.Build.0 = Debug|Any CPU
		{72EFA771-AB6D-4695-9BAB-8174D51E24A2}.Release|Any CPU.ActiveCfg = Release|Any CPU
		{72EFA771-AB6D-4695-9BAB-8174D51E24A2}.Release|Any CPU.Build.0 = Release|Any CPU
	EndGlobalSection
	GlobalSection(SolutionProperties) = preSolution
		HideSolutionNode = FALSE
	EndGlobalSection
	GlobalSection(ExtensibilityGlobals) = postSolution
		SolutionGuid = {966A5776-86A3-45B4-8387-48280FD69112}
	EndGlobalSection
EndGlobal
